PODS:
  - Charts (3.2.1):
    - Charts/Core (= 3.2.1)
  - Charts/Core (3.2.1)
  - SearchTextField (1.2.2)

DEPENDENCIES:
  - Charts
  - SearchTextField

SPEC REPOS:
  https://github.com/cocoapods/specs.git:
    - Charts
    - SearchTextField

SPEC CHECKSUMS:
  Charts: f122fb70b19847fa5817d018b77d6c5a2296ab25
  SearchTextField: a0992739d4b05dcbb40fb3a5cc6526bd991bdd23

PODFILE CHECKSUM: 0c9d0a8df06979ed2a099045b9b79392908c0bf0

COCOAPODS: 1.6.0
